
Microsoft Visual Studio Solution File, Format Version 12.00
# Visual Studio Version 17
VisualStudioVersion = 17.3.32804.467
MinimumVisualStudioVersion = 10.0.40219.1
Project("{FAE04EC0-301F-11D3-BF4B-00C04F79EFBC}") = "StatViewer.Api", "StatViewer.Api\StatViewer.Api.csproj", "{2EF75367-C097-4593-BEB9-C13A72DF3737}"
EndProject
Project("{FAE04EC0-301F-11D3-BF4B-00C04F79EFBC}") = "StatViewer.Data", "StatViewer.Data\StatViewer.Data.csproj", "{5D075720-42FF-4F68-8711-FFA29A2E30A4}"
EndProject
Global
	GlobalSection(SolutionConfigurationPlatforms) = preSolution
		Debug|Any CPU = Debug|Any CPU
		Release|Any CPU = Release|Any CPU
	EndGlobalSection
	GlobalSection(ProjectConfigurationPlatforms) = postSolution
		{2EF75367-C097-4593-BEB9-C13A72DF3737}.Debug|Any CPU.ActiveCfg = Debug|Any CPU
		{2EF75367-C097-4593-BEB9-C13A72DF3737}.Debug|Any CPU.Build.0 = Debug|Any CPU
		{2EF75367-C097-4593-BEB9-C13A72DF3737}.Release|Any CPU.ActiveCfg = Release|Any CPU
		{2EF75367-C097-4593-BEB9-C13A72DF3737}.Release|Any CPU.Build.0 = Release|Any CPU
		{5D075720-42FF-4F68-8711-FFA29A2E30A4}.Debug|Any CPU.ActiveCfg = Debug|Any CPU
		{5D075720-42FF-4F68-8711-FFA29A2E30A4}.Debug|Any CPU.Build.0 = Debug|Any CPU
		{5D075720-42FF-4F68-8711-FFA29A2E30A4}.Release|Any CPU.ActiveCfg = Release|Any CPU
		{5D075720-42FF-4F68-8711-FFA29A2E30A4}.Release|Any CPU.Build.0 = Release|Any CPU
	EndGlobalSection
	GlobalSection(SolutionProperties) = preSolution
		HideSolutionNode = FALSE
	EndGlobalSection
	GlobalSection(ExtensibilityGlobals) = postSolution
		SolutionGuid = {A5BCD228-5FF6-4BF5-B44A-2265B3D0BEFB}
	EndGlobalSection
EndGlobal
